<?xml version="1.0" encoding="utf-8"?>
<Project ToolsVersion="4.0" xmlns="http://schemas.microsoft.com/developer/msbuild/2003">
  <ItemGroup>
    <Filter Include="Source Files">
      <UniqueIdentifier>{4FC737F1-C7A5-4376-A066-2A32D752A2FF}</UniqueIdentifier>
      <Extensions>cpp;c;cc;cxx;def;odl;idl;hpj;bat;asm;asmx</Extensions>
    </Filter>
    <Filter Include="Header Files">
      <UniqueIdentifier>{93995380-89BD-4b04-88EB-625FBE52EBFB}</UniqueIdentifier>
      <Extensions>h;hh;hpp;hxx;hm;inl;inc;xsd</Extensions>
    </Filter>
    <Filter Include="Resource Files">
      <UniqueIdentifier>{67DA6AB6-F800-4c08-8B7A-83BB121AAD01}</UniqueIdentifier>
      <Extensions>rc;ico;cur;bmp;dlg;rc2;rct;bin;rgs;gif;jpg;jpeg;jpe;resx;tiff;tif;png;wav;mfcribbon-ms</Extensions>
    </Filter>
  </ItemGroup>
  <ItemGroup>
    <Text Include="ReadMe.txt" />
  </ItemGroup>
  <ItemGroup>
    <ClInclude Include="stdafx.h">
      <Filter>Header Files</Filter>
    </ClInclude>
    <ClInclude Include="targetver.h">
      <Filter>Header Files</Filter>
    </ClInclude>
    <ClInclude Include="..\source\Aes.h">
      <Filter>Header Files</Filter>
    </ClInclude>
    <ClInclude Include="..\source\ancs.h">
      <Filter>Header Files</Filter>
    </ClInclude>
    <ClInclude Include="..\source\assets.h">
      <Filter>Header Files</Filter>
    </ClInclude>
    <ClInclude Include="..\source\base.h">
      <Filter>Header Files</Filter>
    </ClInclude>
    <ClInclude Include="..\source\batt.h">
      <Filter>Header Files</Filter>
    </ClInclude>
    <ClInclude Include="..\source\ble_ancs_c.h">
      <Filter>Header Files</Filter>
    </ClInclude>
    <ClInclude Include="..\source\ble_bondmngr_cfg.h">
      <Filter>Header Files</Filter>
    </ClInclude>
    <ClInclude Include="..\source\btle.h">
      <Filter>Header Files</Filter>
    </ClInclude>
    <ClInclude Include="..\source\butterworth.h">
      <Filter>Header Files</Filter>
    </ClInclude>
    <ClInclude Include="..\source\const_tab.h">
      <Filter>Header Files</Filter>
    </ClInclude>
    <ClInclude Include="..\source\cp.h">
      <Filter>Header Files</Filter>
    </ClInclude>
    <ClInclude Include="..\source\cy_binary.h">
      <Filter>Header Files</Filter>
    </ClInclude>
    <ClInclude Include="..\source\cy_binary_deep_sleep.h">
      <Filter>Header Files</Filter>
    </ClInclude>
    <ClInclude Include="..\source\cy_binary_normal.h">
      <Filter>Header Files</Filter>
    </ClInclude>
    <ClInclude Include="..\source\dbg.h">
      <Filter>Header Files</Filter>
    </ClInclude>
    <ClInclude Include="..\source\ek3dh.h">
      <Filter>Header Files</Filter>
    </ClInclude>
    <ClInclude Include="..\source\fs_fat.h">
      <Filter>Header Files</Filter>
    </ClInclude>
    <ClInclude Include="..\source\fs_file.h">
      <Filter>Header Files</Filter>
    </ClInclude>
    <ClInclude Include="..\source\fs_flash.h">
      <Filter>Header Files</Filter>
    </ClInclude>
    <ClInclude Include="..\source\fs_mem_external_1024k.h">
      <Filter>Header Files</Filter>
    </ClInclude>
    <ClInclude Include="..\source\fs_mem_native_64k.h">
      <Filter>Header Files</Filter>
    </ClInclude>
    <ClInclude Include="..\source\fs_memcfg.h">
      <Filter>Header Files</Filter>
    </ClInclude>
    <ClInclude Include="..\source\fs_nflash_rw.h">
      <Filter>Header Files</Filter>
    </ClInclude>
    <ClInclude Include="..\source\fs_root.h">
      <Filter>Header Files</Filter>
    </ClInclude>
    <ClInclude Include="..\source\gpio.h">
      <Filter>Header Files</Filter>
    </ClInclude>
    <ClInclude Include="..\source\hal.h">
      <Filter>Header Files</Filter>
    </ClInclude>
    <ClInclude Include="..\source\hssp.h">
      <Filter>Header Files</Filter>
    </ClInclude>
    <ClInclude Include="..\source\issp_defs.h">
      <Filter>Header Files</Filter>
    </ClInclude>
    <ClInclude Include="..\source\issp_delays.h">
      <Filter>Header Files</Filter>
    </ClInclude>
    <ClInclude Include="..\source\issp_directives.h">
      <Filter>Header Files</Filter>
    </ClInclude>
    <ClInclude Include="..\source\issp_errors.h">
      <Filter>Header Files</Filter>
    </ClInclude>
    <ClInclude Include="..\source\issp_extern.h">
      <Filter>Header Files</Filter>
    </ClInclude>
    <ClInclude Include="..\source\issp_revision.h">
      <Filter>Header Files</Filter>
    </ClInclude>
    <ClInclude Include="..\source\issp_vectors.h">
      <Filter>Header Files</Filter>
    </ClInclude>
    <ClInclude Include="..\source\keypad.h">
      <Filter>Header Files</Filter>
    </ClInclude>
    <ClInclude Include="..\source\led.h">
      <Filter>Header Files</Filter>
    </ClInclude>
    <ClInclude Include="..\source\link.h">
      <Filter>Header Files</Filter>
    </ClInclude>
    <ClInclude Include="..\source\lis3dh.h">
      <Filter>Header Files</Filter>
    </ClInclude>
    <ClInclude Include="..\source\main.h">
      <Filter>Header Files</Filter>
    </ClInclude>
    <ClInclude Include="..\source\nflash_spi.h">
      <Filter>Header Files</Filter>
    </ClInclude>
    <ClInclude Include="..\source\notific.h">
      <Filter>Header Files</Filter>
    </ClInclude>
    <ClInclude Include="..\source\oled.h">
      <Filter>Header Files</Filter>
    </ClInclude>
    <ClInclude Include="..\source\ota.h">
      <Filter>Header Files</Filter>
    </ClInclude>
    <ClInclude Include="..\source\pattern.h">
      <Filter>Header Files</Filter>
    </ClInclude>
    <ClInclude Include="..\source\pedometer.h">
      <Filter>Header Files</Filter>
    </ClInclude>
    <ClInclude Include="..\source\pedometer_api.h">
      <Filter>Header Files</Filter>
    </ClInclude>
    <ClInclude Include="..\source\power.h">
      <Filter>Header Files</Filter>
    </ClInclude>
    <ClInclude Include="..\source\ppg.h">
      <Filter>Header Files</Filter>
    </ClInclude>
    <ClInclude Include="..\source\release_number.h">
      <Filter>Header Files</Filter>
    </ClInclude>
    <ClInclude Include="..\source\reminder.h">
      <Filter>Header Files</Filter>
    </ClInclude>
    <ClInclude Include="..\source\RTC.h">
      <Filter>Header Files</Filter>
    </ClInclude>
    <ClInclude Include="..\source\sensor.h">
      <Filter>Header Files</Filter>
    </ClInclude>
    <ClInclude Include="..\source\sim.h">
      <Filter>Header Files</Filter>
    </ClInclude>
    <ClInclude Include="..\source\sleep.h">
      <Filter>Header Files</Filter>
    </ClInclude>
    <ClInclude Include="..\source\spi_master.h">
      <Filter>Header Files</Filter>
    </ClInclude>
    <ClInclude Include="..\source\spi_master_config.h">
      <Filter>Header Files</Filter>
    </ClInclude>
    <ClInclude Include="..\source\standard_binary.h">
      <Filter>Header Files</Filter>
    </ClInclude>
    <ClInclude Include="..\source\standard_enums.h">
      <Filter>Header Files</Filter>
    </ClInclude>
    <ClInclude Include="..\source\standard_macros.h">
      <Filter>Header Files</Filter>
    </ClInclude>
    <ClInclude Include="..\source\standard_status.h">
      <Filter>Header Files</Filter>
    </ClInclude>
    <ClInclude Include="..\source\standard_types.h">
      <Filter>Header Files</Filter>
    </ClInclude>
    <ClInclude Include="..\source\standards.h">
      <Filter>Header Files</Filter>
    </ClInclude>
    <ClInclude Include="..\source\sys_reg.h">
      <Filter>Header Files</Filter>
    </ClInclude>
  </ItemGroup>
  <ItemGroup>
    <ClCompile Include="stdafx.cpp">
      <Filter>Source Files</Filter>
    </ClCompile>
    <ClCompile Include="..\source\tracking.c">
      <Filter>Source Files</Filter>
    </ClCompile>
    <ClCompile Include="..\source\system.c">
      <Filter>Source Files</Filter>
    </ClCompile>
    <ClCompile Include="..\source\user.c">
      <Filter>Source Files</Filter>
    </ClCompile>
    <ClCompile Include="..\source\fs_flash.c">
      <Filter>Source Files</Filter>
    </ClCompile>
    <ClCompile Include="..\source\fs_fat.c">
      <Filter>Source Files</Filter>
    </ClCompile>
    <ClCompile Include="..\source\fs_file.c">
      <Filter>Source Files</Filter>
    </ClCompile>
    <ClCompile Include="..\source\RTC.c">
      <Filter>Source Files</Filter>
    </ClCompile>
    <ClCompile Include="..\source\fs_root.c">
      <Filter>Source Files</Filter>
    </ClCompile>
    <ClCompile Include="..\source\fs_nflash_rw.c">
      <Filter>Source Files</Filter>
    </ClCompile>
    <ClCompile Include="..\source\nflash_spi.c">
      <Filter>Source Files</Filter>
    </ClCompile>
    <ClCompile Include="..\source\link.c">
      <Filter>Source Files</Filter>
    </ClCompile>
    <ClCompile Include="..\source\sysclk.c">
      <Filter>Source Files</Filter>
    </ClCompile>
    <ClCompile Include="..\source\cp.c">
      <Filter>Source Files</Filter>
    </ClCompile>
    <ClCompile Include="..\source\btle.c">
      <Filter>Source Files</Filter>
    </ClCompile>
    <ClCompile Include="..\source\base.c">
      <Filter>Source Files</Filter>
    </ClCompile>
    <ClCompile Include="..\source\Aes.c">
      <Filter>Source Files</Filter>
    </ClCompile>
    <ClCompile Include="..\source\hal.c">
      <Filter>Source Files</Filter>
    </ClCompile>
    <ClCompile Include="..\source\sensor.c">
      <Filter>Source Files</Filter>
    </ClCompile>
    <ClCompile Include="..\source\thermistor.c">
      <Filter>Source Files</Filter>
    </ClCompile>
    <ClCompile Include="..\source\uart.c">
      <Filter>Source Files</Filter>
    </ClCompile>
    <ClCompile Include="..\source\gpio.c">
      <Filter>Source Files</Filter>
    </ClCompile>
    <ClCompile Include="..\source\touch.c">
      <Filter>Source Files</Filter>
    </ClCompile>
    <ClCompile Include="..\source\sysflash_rw.c">
      <Filter>Source Files</Filter>
    </ClCompile>
    <ClCompile Include="..\source\lis3dh.c">
      <Filter>Source Files</Filter>
    </ClCompile>
    <ClCompile Include="..\source\ui.c">
      <Filter>Source Files</Filter>
    </ClCompile>
    <ClCompile Include="..\source\batt.c">
      <Filter>Source Files</Filter>
    </ClCompile>
    <ClCompile Include="..\source\sim.c">
      <Filter>Source Files</Filter>
    </ClCompile>
    <ClCompile Include="..\source\ppg.c">
      <Filter>Source Files</Filter>
    </ClCompile>
    <ClCompile Include="minute_logging.c">
      <Filter>Source Files</Filter>
    </ClCompile>
    <ClCompile Include="..\source\butterworth.c">
      <Filter>Source Files</Filter>
    </ClCompile>
    <ClCompile Include="..\source\Watchdog.c">
      <Filter>Source Files</Filter>
    </ClCompile>
    <ClCompile Include="..\source\oled.c">
      <Filter>Source Files</Filter>
    </ClCompile>
    <ClCompile Include="..\source\weather.c">
      <Filter>Source Files</Filter>
    </ClCompile>
    <ClCompile Include="..\source\sleep.c">
      <Filter>Source Files</Filter>
    </ClCompile>
    <ClCompile Include="..\source\notific.c">
      <Filter>Source Files</Filter>
    </ClCompile>
    <ClCompile Include="..\source\reminder.c">
      <Filter>Source Files</Filter>
    </ClCompile>
    <ClCompile Include="..\source\ota.c">
      <Filter>Source Files</Filter>
    </ClCompile>
    <ClCompile Include="..\source\pedo.c">
      <Filter>Source Files</Filter>
    </ClCompile>
    <ClCompile Include="sleep_dat.c">
      <Filter>Source Files</Filter>
    </ClCompile>
    <ClCompile Include="..\source\homekey.c">
      <Filter>Source Files</Filter>
    </ClCompile>
    <ClCompile Include="..\source\font.c">
      <Filter>Source Files</Filter>
    </ClCompile>
    <ClCompile Include="..\source\uv.c">
      <Filter>Source Files</Filter>
    </ClCompile>
  </ItemGroup>
</Project>